{
  "requires": true,
  "lockfileVersion": 1,
  "dependencies": {
    "@babel/runtime": {
      "version": "7.4.4",
      "resolved": "https://registry.npmjs.org/@babel/runtime/-/runtime-7.4.4.tgz",
      "integrity": "sha512-w0+uT71b6Yi7i5SE0co4NioIpSYS6lLiXvCzWzGSKvpK5vdQtCbICHMj+gbAKAOtxiV6HsVh/MBdaF9EQ6faSg==",
      "requires": {
        "regenerator-runtime": "^0.13.2"
      }
    },
    "@deck.gl/aggregation-layers": {
      "version": "7.0.6",
      "resolved": "https://registry.npmjs.org/@deck.gl/aggregation-layers/-/aggregation-layers-7.0.6.tgz",
      "integrity": "sha512-y2W1wLMZFdY9ztIiTkButdC77gxHHLB4y7qOba9YW5JgzbothJS4wSZO5U/AeJhi5v+wpWR189XZ74KrBpRbNg==",
      "requires": {
        "d3-hexbin": "^0.2.1"
      }
    },
    "@deck.gl/core": {
      "version": "7.0.6",
      "resolved": "https://registry.npmjs.org/@deck.gl/core/-/core-7.0.6.tgz",
      "integrity": "sha512-hbgrJGUh4U8MP1kUe3kSBrE072gTMXMyMtyhUgz4Y+j530CwCB6+EMJEy8Ni2wEQOsoEjgGCpYRdSKVKrhfiTg==",
      "requires": {
        "@luma.gl/core": "^7.0.1",
        "gl-matrix": "^3.0.0",
        "math.gl": "^2.3.0",
        "mjolnir.js": "^2.1.0",
        "probe.gl": "^3.0.1",
        "seer": "^0.2.4",
        "viewport-mercator-project": "^6.1.0"
      }
    },
    "@deck.gl/geo-layers": {
      "version": "7.0.6",
      "resolved": "https://registry.npmjs.org/@deck.gl/geo-layers/-/geo-layers-7.0.6.tgz",
      "integrity": "sha512-OjkjG3UrtriiCU9e7IyNQ+fzUauI8KpM4xcT6BM8XPVkFO9gW3onSLHzPMrbYlgixT8xWzxM8xbGgteHdO0qZg==",
      "requires": {
        "h3-js": "^3.4.3",
        "s2-geometry": "^1.2.10"
      }
    },
    "@deck.gl/google-maps": {
      "version": "7.0.6",
      "resolved": "https://registry.npmjs.org/@deck.gl/google-maps/-/google-maps-7.0.6.tgz",
      "integrity": "sha512-OCihAR7SXHWEdW3GaanirRBYqY5nNiRHA0e/3L1xaXvC59CAxEyy1FsB11Z0pNCPce9pSkKnFN/OEzxcnstpJw=="
    },
    "@deck.gl/json": {
      "version": "7.0.6",
      "resolved": "https://registry.npmjs.org/@deck.gl/json/-/json-7.0.6.tgz",
      "integrity": "sha512-qddohDcXPLh0ZL3C6tYXrH+YN567qDuTb6sZ32Y2r8128MEnA5qWXDkU82ljDa84c7dadCePB+UoLjv6/kGAWw==",
      "requires": {
        "d3-dsv": "^1.0.8"
      }
    },
    "@deck.gl/layers": {
      "version": "7.0.6",
      "resolved": "https://registry.npmjs.org/@deck.gl/layers/-/layers-7.0.6.tgz",
      "integrity": "sha512-C1zMaGm7SFCxq+WiJqFpIsiYL3s9M0O2Y4DvwAIoJXVYdnHQxyWj8QkIKZ9M4K5UeS0eGwgTeZ8O6YqdRi0+WA==",
      "requires": {
        "@loaders.gl/core": "^1.0.3",
        "@loaders.gl/images": "^1.0.3",
        "@mapbox/tiny-sdf": "^1.1.0",
        "earcut": "^2.0.6"
      }
    },
    "@deck.gl/mapbox": {
      "version": "7.0.6",
      "resolved": "https://registry.npmjs.org/@deck.gl/mapbox/-/mapbox-7.0.6.tgz",
      "integrity": "sha512-cTuwt0xEA8M541Q+iOjdkRGU3mmlYNvB+mdmpDWmNK9ZlotMi1oxiIV1E2+nz0ePI+s0G0C+PW5QCkdK4C4JqA=="
    },
    "@deck.gl/mesh-layers": {
      "version": "7.0.6",
      "resolved": "https://registry.npmjs.org/@deck.gl/mesh-layers/-/mesh-layers-7.0.6.tgz",
      "integrity": "sha512-58IDCpUdHVV4xjmtxeNWKtHMGjB8nag5o1X6ffrHAwnsea5nEedfuNuVCxNioU/bkQcvZpNaUbgeORVWUZKcnw==",
      "requires": {
        "@loaders.gl/core": "^1.0.3",
        "@loaders.gl/images": "^1.0.3"
      }
    },
    "@deck.gl/react": {
      "version": "7.0.6",
      "resolved": "https://registry.npmjs.org/@deck.gl/react/-/react-7.0.6.tgz",
      "integrity": "sha512-UYNQLaJHzHXO2yVFoFm+apJe6+MYz/PiG43DusPMb978obc6r5fQQJzzMm2qOMygqQADrXqgQ5tOkzr0fM7sAw==",
      "requires": {
        "prop-types": "^15.6.0"
      }
    },
    "@loaders.gl/core": {
      "version": "1.0.3",
      "resolved": "https://registry.npmjs.org/@loaders.gl/core/-/core-1.0.3.tgz",
      "integrity": "sha512-ENyW3UqPgtOx81iY23Y8jD7FJ6miNduOzV6Z1xY7pXwoOGrF2BXTJ3P7KPLXTIBN98mh67jUax0fouBhrQL2Kw==",
      "requires": {
        "@babel/runtime": "^7.3.1"
      }
    },
    "@loaders.gl/images": {
      "version": "1.0.3",
      "resolved": "https://registry.npmjs.org/@loaders.gl/images/-/images-1.0.3.tgz",
      "integrity": "sha512-S3UV2/apkWkf+ULT/nt8+SYFh7WYir/mCL5VK/dYUnOgNs+0JLyG+0i35bMWg/GsHN683Z9Ja1m9zRsIz/EOdA==",
      "requires": {
        "canvas-to-blob": "0.0.0",
        "get-pixels": "^3.3.2",
        "ndarray": "^1.0.18",
        "save-pixels": "^2.3.2",
        "through": "^2.3.8"
      }
    },
    "@luma.gl/constants": {
      "version": "7.0.1",
      "resolved": "https://registry.npmjs.org/@luma.gl/constants/-/constants-7.0.1.tgz",
      "integrity": "sha512-v8Dk3wawtltckngCOJVcsBgCA+GzlKKj6FzG+yMLITIe48mw1pwz2PlES8twklfjqKQMJS6gPWY1fI8MXiX5bA=="
    },
    "@luma.gl/core": {
      "version": "7.0.1",
      "resolved": "https://registry.npmjs.org/@luma.gl/core/-/core-7.0.1.tgz",
      "integrity": "sha512-+C6DtwJO6ORUa4BIh6VvCTxU+9fFkeuCjxj2ndPAuZfOVzAJMGOp3Zghm+tCPy6imvIU5+Ea+qYOQwVvd9uhVw==",
      "requires": {
        "@babel/runtime": "^7.0.0",
        "@luma.gl/constants": "7.0.1",
        "@luma.gl/shadertools": "7.0.1",
        "@luma.gl/webgl": "7.0.1",
        "@luma.gl/webgl-state-tracker": "7.0.1",
        "@luma.gl/webgl2-polyfill": "7.0.1",
        "math.gl": "^2.3.0",
        "probe.gl": "^3.0.1",
        "seer": "^0.2.4"
      }
    },
    "@luma.gl/shadertools": {
      "version": "7.0.1",
      "resolved": "https://registry.npmjs.org/@luma.gl/shadertools/-/shadertools-7.0.1.tgz",
      "integrity": "sha512-VXDLulcpwdHVjoMs+YM/F+phXi7S2uBS/lyvCDuAG37tR10zpskkAnhNmDyWcXykXqFuz6z/GzDzxMyg0NqC+g==",
      "requires": {
        "@babel/runtime": "^7.0.0",
        "math.gl": "^2.3.0"
      }
    },
    "@luma.gl/webgl": {
      "version": "7.0.1",
      "resolved": "https://registry.npmjs.org/@luma.gl/webgl/-/webgl-7.0.1.tgz",
      "integrity": "sha512-hiSBAfXPUL9tJIQvKgJGRI+226ZKe54z2qdBPlKRQEYk+S0ZGJECxNd80StLuM+9OjAKWEJAfbyQUcJ0cRyoaQ==",
      "requires": {
        "@babel/runtime": "^7.0.0",
        "@luma.gl/constants": "7.0.1",
        "@luma.gl/webgl-state-tracker": "7.0.1",
        "@luma.gl/webgl2-polyfill": "7.0.1",
        "probe.gl": "^3.0.1"
      }
    },
    "@luma.gl/webgl-state-tracker": {
      "version": "7.0.1",
      "resolved": "https://registry.npmjs.org/@luma.gl/webgl-state-tracker/-/webgl-state-tracker-7.0.1.tgz",
      "integrity": "sha512-8qodNuxbMQk+L6hSEtA9hDrdr541s24UcF6sGyjGIynh10BiFNO7oltdXw+I07mFQ4GL8uYng5+O2Cvc/lyQnA==",
      "requires": {
        "@babel/runtime": "^7.0.0",
        "@luma.gl/constants": "7.0.1"
      }
    },
    "@luma.gl/webgl2-polyfill": {
      "version": "7.0.1",
      "resolved": "https://registry.npmjs.org/@luma.gl/webgl2-polyfill/-/webgl2-polyfill-7.0.1.tgz",
      "integrity": "sha512-n+1RFtWjbvavCUvLpqbrh5V612WkE9UyqoL7KcMHQzU5OMajuvcGFcs0TZ7Rpgb4Kck5HZlCz1TwtJmiiwD33g==",
      "requires": {
        "@babel/runtime": "^7.0.0",
        "@luma.gl/constants": "7.0.1"
      }
    },
    "@mapbox/tiny-sdf": {
      "version": "1.1.0",
      "resolved": "https://registry.npmjs.org/@mapbox/tiny-sdf/-/tiny-sdf-1.1.0.tgz",
      "integrity": "sha512-dnhyk8X2BkDRWImgHILYAGgo+kuciNYX30CUKj/Qd5eNjh54OWM/mdOS/PWsPeN+3abtN+QDGYM4G220ynVJKA=="
    },
    "ajv": {
      "version": "6.10.0",
      "resolved": "https://registry.npmjs.org/ajv/-/ajv-6.10.0.tgz",
      "integrity": "sha512-nffhOpkymDECQyR0mnsUtoCE8RlX38G0rYP+wgLWFyZuUyuuojSSvi/+euOiQBIn63whYwYVIIH1TvE3tu4OEg==",
      "requires": {
        "fast-deep-equal": "^2.0.1",
        "fast-json-stable-stringify": "^2.0.0",
        "json-schema-traverse": "^0.4.1",
        "uri-js": "^4.2.2"
      }
    },
    "asn1": {
      "version": "0.2.4",
      "resolved": "https://registry.npmjs.org/asn1/-/asn1-0.2.4.tgz",
      "integrity": "sha512-jxwzQpLQjSmWXgwaCZE9Nz+glAG01yF1QnWgbhGwHI5A6FRIEY6IVqtHhIepHqI7/kyEyQEagBC5mBEFlIYvdg==",
      "requires": {
        "safer-buffer": "~2.1.0"
      }
    },
    "assert-plus": {
      "version": "1.0.0",
      "resolved": "https://registry.npmjs.org/assert-plus/-/assert-plus-1.0.0.tgz",
      "integrity": "sha1-8S4PPF13sLHN2RRpQuTpbB5N1SU="
    },
    "asynckit": {
      "version": "0.4.0",
      "resolved": "https://registry.npmjs.org/asynckit/-/asynckit-0.4.0.tgz",
      "integrity": "sha1-x57Zf380y48robyXkLzDZkdLS3k="
    },
    "aws-sign2": {
      "version": "0.7.0",
      "resolved": "https://registry.npmjs.org/aws-sign2/-/aws-sign2-0.7.0.tgz",
      "integrity": "sha1-tG6JCTSpWR8tL2+G1+ap8bP+dqg="
    },
    "aws4": {
      "version": "1.8.0",
      "resolved": "https://registry.npmjs.org/aws4/-/aws4-1.8.0.tgz",
      "integrity": "sha512-ReZxvNHIOv88FlT7rxcXIIC0fPt4KZqZbOlivyWtXLt8ESx84zd3kMC6iK5jVeS2qt+g7ftS7ye4fi06X5rtRQ=="
    },
    "bcrypt-pbkdf": {
      "version": "1.0.2",
      "resolved": "https://registry.npmjs.org/bcrypt-pbkdf/-/bcrypt-pbkdf-1.0.2.tgz",
      "integrity": "sha1-pDAdOJtqQ/m2f/PKEaP2Y342Dp4=",
      "requires": {
        "tweetnacl": "^0.14.3"
      }
    },
    "canvas-to-blob": {
      "version": "0.0.0",
      "resolved": "https://registry.npmjs.org/canvas-to-blob/-/canvas-to-blob-0.0.0.tgz",
      "integrity": "sha1-8dtN0IPdx0p4/lvOaoaXhrWfUfM="
    },
    "caseless": {
      "version": "0.12.0",
      "resolved": "https://registry.npmjs.org/caseless/-/caseless-0.12.0.tgz",
      "integrity": "sha1-G2gcIf+EAzyCZUMJBolCDRhxUdw="
    },
    "combined-stream": {
      "version": "1.0.8",
      "resolved": "https://registry.npmjs.org/combined-stream/-/combined-stream-1.0.8.tgz",
      "integrity": "sha512-FQN4MRfuJeHf7cBbBMJFXhKSDq+2kAArBlmRBvcvFE5BB1HZKXtSFASDhdlz9zOYwxh8lDdnvmMOe/+5cdoEdg==",
      "requires": {
        "delayed-stream": "~1.0.0"
      }
    },
    "commander": {
      "version": "2.20.0",
      "resolved": "https://registry.npmjs.org/commander/-/commander-2.20.0.tgz",
      "integrity": "sha512-7j2y+40w61zy6YC2iRNpUe/NwhNyoXrYpHMrSunaMG64nRnaf96zO/KMQR4OyN/UnE5KLyEBnKHd4aG3rskjpQ=="
    },
    "contentstream": {
      "version": "1.0.0",
      "resolved": "https://registry.npmjs.org/contentstream/-/contentstream-1.0.0.tgz",
      "integrity": "sha1-C9z6RtowRkqGzo+n7OVlQQ3G+aU=",
      "requires": {
        "readable-stream": "~1.0.33-1"
      }
    },
    "core-util-is": {
      "version": "1.0.2",
      "resolved": "https://registry.npmjs.org/core-util-is/-/core-util-is-1.0.2.tgz",
      "integrity": "sha1-tf1UIgqivFq1eqtxQMlAdUUDwac="
    },
    "cwise-compiler": {
      "version": "1.1.3",
      "resolved": "https://registry.npmjs.org/cwise-compiler/-/cwise-compiler-1.1.3.tgz",
      "integrity": "sha1-9NZnQQ6FDToxOn0tt7HlBbsDTMU=",
      "requires": {
        "uniq": "^1.0.0"
      }
    },
    "d3-dsv": {
      "version": "1.1.1",
      "resolved": "https://registry.npmjs.org/d3-dsv/-/d3-dsv-1.1.1.tgz",
      "integrity": "sha512-1EH1oRGSkeDUlDRbhsFytAXU6cAmXFzc52YUe6MRlPClmWb85MP1J5x+YJRzya4ynZWnbELdSAvATFW/MbxaXw==",
      "requires": {
        "commander": "2",
        "iconv-lite": "0.4",
        "rw": "1"
      }
    },
    "d3-hexbin": {
      "version": "0.2.2",
      "resolved": "https://registry.npmjs.org/d3-hexbin/-/d3-hexbin-0.2.2.tgz",
      "integrity": "sha1-nFg32s/UcasFM3qeke8Qv8T5iDE="
    },
    "dashdash": {
      "version": "1.14.1",
      "resolved": "https://registry.npmjs.org/dashdash/-/dashdash-1.14.1.tgz",
      "integrity": "sha1-hTz6D3y+L+1d4gMmuN1YEDX24vA=",
      "requires": {
        "assert-plus": "^1.0.0"
      }
    },
    "data-uri-to-buffer": {
      "version": "0.0.3",
      "resolved": "https://registry.npmjs.org/data-uri-to-buffer/-/data-uri-to-buffer-0.0.3.tgz",
      "integrity": "sha1-GK6XmmoMqZSwYlhTkW0mYruuCxo="
    },
    "deck.gl": {
      "version": "7.0.6",
      "resolved": "https://registry.npmjs.org/deck.gl/-/deck.gl-7.0.6.tgz",
      "integrity": "sha512-x6psKPklT2M7PEgthw4gSs8zmM7Tt5lePodOiFBaBlpzP+jOGwBcU3BakkMS1mGEMTjf77X2nKte2fN4MB85HQ==",
      "requires": {
        "@deck.gl/aggregation-layers": "7.0.6",
        "@deck.gl/core": "7.0.6",
        "@deck.gl/geo-layers": "7.0.6",
        "@deck.gl/google-maps": "7.0.6",
        "@deck.gl/json": "7.0.6",
        "@deck.gl/layers": "7.0.6",
        "@deck.gl/mapbox": "7.0.6",
        "@deck.gl/mesh-layers": "7.0.6",
        "@deck.gl/react": "7.0.6"
      }
    },
    "delayed-stream": {
      "version": "1.0.0",
      "resolved": "https://registry.npmjs.org/delayed-stream/-/delayed-stream-1.0.0.tgz",
      "integrity": "sha1-3zrhmayt+31ECqrgsp4icrJOxhk="
    },
    "earcut": {
      "version": "2.1.5",
      "resolved": "https://registry.npmjs.org/earcut/-/earcut-2.1.5.tgz",
      "integrity": "sha512-QFWC7ywTVLtvRAJTVp8ugsuuGQ5mVqNmJ1cRYeLrSHgP3nycr2RHTJob9OtM0v8ujuoKN0NY1a93J/omeTL1PA=="
    },
    "ecc-jsbn": {
      "version": "0.1.2",
      "resolved": "https://registry.npmjs.org/ecc-jsbn/-/ecc-jsbn-0.1.2.tgz",
      "integrity": "sha1-OoOpBOVDUyh4dMVkt1SThoSamMk=",
      "requires": {
        "jsbn": "~0.1.0",
        "safer-buffer": "^2.1.0"
      }
    },
    "extend": {
      "version": "3.0.2",
      "resolved": "https://registry.npmjs.org/extend/-/extend-3.0.2.tgz",
      "integrity": "sha512-fjquC59cD7CyW6urNXK0FBufkZcoiGG80wTuPujX590cB5Ttln20E2UB4S/WARVqhXffZl2LNgS+gQdPIIim/g=="
    },
    "extsprintf": {
      "version": "1.3.0",
      "resolved": "https://registry.npmjs.org/extsprintf/-/extsprintf-1.3.0.tgz",
      "integrity": "sha1-lpGEQOMEGnpBT4xS48V06zw+HgU="
    },
    "fast-deep-equal": {
      "version": "2.0.1",
      "resolved": "https://registry.npmjs.org/fast-deep-equal/-/fast-deep-equal-2.0.1.tgz",
      "integrity": "sha1-ewUhjd+WZ79/Nwv3/bLLFf3Qqkk="
    },
    "fast-json-stable-stringify": {
      "version": "2.0.0",
      "resolved": "https://registry.npmjs.org/fast-json-stable-stringify/-/fast-json-stable-stringify-2.0.0.tgz",
      "integrity": "sha1-1RQsDK7msRifh9OnYREGT4bIu/I="
    },
    "forever-agent": {
      "version": "0.6.1",
      "resolved": "https://registry.npmjs.org/forever-agent/-/forever-agent-0.6.1.tgz",
      "integrity": "sha1-+8cfDEGt6zf5bFd60e1C2P2sypE="
    },
    "form-data": {
      "version": "2.3.3",
      "resolved": "https://registry.npmjs.org/form-data/-/form-data-2.3.3.tgz",
      "integrity": "sha512-1lLKB2Mu3aGP1Q/2eCOx0fNbRMe7XdwktwOruhfqqd0rIJWwN4Dh+E3hrPSlDCXnSR7UtZ1N38rVXm+6+MEhJQ==",
      "requires": {
        "asynckit": "^0.4.0",
        "combined-stream": "^1.0.6",
        "mime-types": "^2.1.12"
      }
    },
    "get-pixels": {
      "version": "3.3.2",
      "resolved": "https://registry.npmjs.org/get-pixels/-/get-pixels-3.3.2.tgz",
      "integrity": "sha512-6ar+8yPxRd1pskEcl2GSEu1La0+xYRjjnkby6AYiRDDwZ0tJbPQmHnSeH9fGLskT8kvR0OukVgtZLcsENF9YKQ==",
      "requires": {
        "data-uri-to-buffer": "0.0.3",
        "jpeg-js": "^0.3.2",
        "mime-types": "^2.0.1",
        "ndarray": "^1.0.13",
        "ndarray-pack": "^1.1.1",
        "node-bitmap": "0.0.1",
        "omggif": "^1.0.5",
        "parse-data-uri": "^0.2.0",
        "pngjs": "^3.3.3",
        "request": "^2.44.0",
        "through": "^2.3.4"
      }
    },
    "getpass": {
      "version": "0.1.7",
      "resolved": "https://registry.npmjs.org/getpass/-/getpass-0.1.7.tgz",
      "integrity": "sha1-Xv+OPmhNVprkyysSgmBOi6YhSfo=",
      "requires": {
        "assert-plus": "^1.0.0"
      }
    },
    "gif-encoder": {
      "version": "0.4.3",
      "resolved": "https://registry.npmjs.org/gif-encoder/-/gif-encoder-0.4.3.tgz",
      "integrity": "sha1-iitP6MqJWkjjoLbLs0CgpqNXGJk=",
      "requires": {
        "readable-stream": "~1.1.9"
      },
      "dependencies": {
        "readable-stream": {
          "version": "1.1.14",
          "resolved": "https://registry.npmjs.org/readable-stream/-/readable-stream-1.1.14.tgz",
          "integrity": "sha1-fPTFTvZI44EwhMY23SB54WbAgdk=",
          "requires": {
            "core-util-is": "~1.0.0",
            "inherits": "~2.0.1",
            "isarray": "0.0.1",
            "string_decoder": "~0.10.x"
          }
        }
      }
    },
    "gl-matrix": {
      "version": "3.0.0",
      "resolved": "https://registry.npmjs.org/gl-matrix/-/gl-matrix-3.0.0.tgz",
      "integrity": "sha512-PD4mVH/C/Zs64kOozeFnKY8ybhgwxXXQYGWdB4h68krAHknWJgk9uKOn6z8YElh5//vs++90pb6csrTIDWnexA=="
    },
    "h3-js": {
      "version": "3.4.3",
      "resolved": "https://registry.npmjs.org/h3-js/-/h3-js-3.4.3.tgz",
      "integrity": "sha512-rr+kkErW7DqDlFN1KikjjDEurQxaPb0dJHpcijSzr+/WDjMYK7F9/Qr412HNSG5BkbG8XXK9CbPHVjDI85GYUA=="
    },
    "hammerjs": {
      "version": "2.0.8",
      "resolved": "https://registry.npmjs.org/hammerjs/-/hammerjs-2.0.8.tgz",
      "integrity": "sha1-BO93hiz/K7edMPdpIJWTAiK/YPE="
    },
    "har-schema": {
      "version": "2.0.0",
      "resolved": "https://registry.npmjs.org/har-schema/-/har-schema-2.0.0.tgz",
      "integrity": "sha1-qUwiJOvKwEeCoNkDVSHyRzW37JI="
    },
    "har-validator": {
      "version": "5.1.3",
      "resolved": "https://registry.npmjs.org/har-validator/-/har-validator-5.1.3.tgz",
      "integrity": "sha512-sNvOCzEQNr/qrvJgc3UG/kD4QtlHycrzwS+6mfTrrSq97BvaYcPZZI1ZSqGSPR73Cxn4LKTD4PttRwfU7jWq5g==",
      "requires": {
        "ajv": "^6.5.5",
        "har-schema": "^2.0.0"
      }
    },
    "http-signature": {
      "version": "1.2.0",
      "resolved": "https://registry.npmjs.org/http-signature/-/http-signature-1.2.0.tgz",
      "integrity": "sha1-muzZJRFHcvPZW2WmCruPfBj7rOE=",
      "requires": {
        "assert-plus": "^1.0.0",
        "jsprim": "^1.2.2",
        "sshpk": "^1.7.0"
      }
    },
    "iconv-lite": {
      "version": "0.4.24",
      "resolved": "https://registry.npmjs.org/iconv-lite/-/iconv-lite-0.4.24.tgz",
      "integrity": "sha512-v3MXnZAcvnywkTUEZomIActle7RXXeedOR31wwl7VlyoXO4Qi9arvSenNQWne1TcRwhCL1HwLI21bEqdpj8/rA==",
      "requires": {
        "safer-buffer": ">= 2.1.2 < 3"
      }
    },
    "inherits": {
      "version": "2.0.3",
      "resolved": "https://registry.npmjs.org/inherits/-/inherits-2.0.3.tgz",
      "integrity": "sha1-Yzwsg+PaQqUC9SRmAiSA9CCCYd4="
    },
    "iota-array": {
      "version": "1.0.0",
      "resolved": "https://registry.npmjs.org/iota-array/-/iota-array-1.0.0.tgz",
      "integrity": "sha1-ge9X/l0FgUzVjCSDYyqZwwoOgIc="
    },
    "is-buffer": {
      "version": "1.1.6",
      "resolved": "https://registry.npmjs.org/is-buffer/-/is-buffer-1.1.6.tgz",
      "integrity": "sha512-NcdALwpXkTm5Zvvbk7owOUSvVvBKDgKP5/ewfXEznmQFfs4ZRmanOeKBTjRVjka3QFoN6XJ+9F3USqfHqTaU5w=="
    },
    "is-typedarray": {
      "version": "1.0.0",
      "resolved": "https://registry.npmjs.org/is-typedarray/-/is-typedarray-1.0.0.tgz",
      "integrity": "sha1-5HnICFjfDBsR3dppQPlgEfzaSpo="
    },
    "isarray": {
      "version": "0.0.1",
      "resolved": "https://registry.npmjs.org/isarray/-/isarray-0.0.1.tgz",
      "integrity": "sha1-ihis/Kmo9Bd+Cav8YDiTmwXR7t8="
    },
    "isstream": {
      "version": "0.1.2",
      "resolved": "https://registry.npmjs.org/isstream/-/isstream-0.1.2.tgz",
      "integrity": "sha1-R+Y/evVa+m+S4VAOaQ64uFKcCZo="
    },
    "jpeg-js": {
      "version": "0.3.5",
      "resolved": "https://registry.npmjs.org/jpeg-js/-/jpeg-js-0.3.5.tgz",
      "integrity": "sha512-hvaExqwmQDS8O9qnZAVDXGWU43Tbu1V0wMZmjROjT11jloSgGICZpscG+P6Nyi1BVAvyu2ARRx8qmEW30sxgdQ=="
    },
    "js-tokens": {
      "version": "4.0.0",
      "resolved": "https://registry.npmjs.org/js-tokens/-/js-tokens-4.0.0.tgz",
      "integrity": "sha512-RdJUflcE3cUzKiMqQgsCu06FPu9UdIJO0beYbPhHN4k6apgJtifcoCtT9bcxOpYBtpD2kCM6Sbzg4CausW/PKQ=="
    },
    "jsbn": {
      "version": "0.1.1",
      "resolved": "https://registry.npmjs.org/jsbn/-/jsbn-0.1.1.tgz",
      "integrity": "sha1-peZUwuWi3rXyAdls77yoDA7y9RM="
    },
    "json-schema": {
      "version": "0.2.3",
      "resolved": "https://registry.npmjs.org/json-schema/-/json-schema-0.2.3.tgz",
      "integrity": "sha1-tIDIkuWaLwWVTOcnvT8qTogvnhM="
    },
    "json-schema-traverse": {
      "version": "0.4.1",
      "resolved": "https://registry.npmjs.org/json-schema-traverse/-/json-schema-traverse-0.4.1.tgz",
      "integrity": "sha512-xbbCH5dCYU5T8LcEhhuh7HJ88HXuW3qsI3Y0zOZFKfZEHcpWiHU/Jxzk629Brsab/mMiHQti9wMP+845RPe3Vg=="
    },
    "json-stringify-safe": {
      "version": "5.0.1",
      "resolved": "https://registry.npmjs.org/json-stringify-safe/-/json-stringify-safe-5.0.1.tgz",
      "integrity": "sha1-Epai1Y/UXxmg9s4B1lcB4sc1tus="
    },
    "jsprim": {
      "version": "1.4.1",
      "resolved": "https://registry.npmjs.org/jsprim/-/jsprim-1.4.1.tgz",
      "integrity": "sha1-MT5mvB5cwG5Di8G3SZwuXFastqI=",
      "requires": {
        "assert-plus": "1.0.0",
        "extsprintf": "1.3.0",
        "json-schema": "0.2.3",
        "verror": "1.10.0"
      }
    },
    "long": {
      "version": "3.2.0",
      "resolved": "https://registry.npmjs.org/long/-/long-3.2.0.tgz",
      "integrity": "sha1-2CG3E4yhy1gcFymQ7xTbIAtcR0s="
    },
    "loose-envify": {
      "version": "1.4.0",
      "resolved": "https://registry.npmjs.org/loose-envify/-/loose-envify-1.4.0.tgz",
      "integrity": "sha512-lyuxPGr/Wfhrlem2CL/UcnUc1zcqKAImBDzukY7Y5F/yQiNdko6+fRLevlw1HgMySw7f611UIY408EtxRSoK3Q==",
      "requires": {
        "js-tokens": "^3.0.0 || ^4.0.0"
      }
    },
    "math.gl": {
      "version": "2.3.1",
      "resolved": "https://registry.npmjs.org/math.gl/-/math.gl-2.3.1.tgz",
      "integrity": "sha512-364xFXawzGCp46BmaEcKMAYgDLsaSqXO3ki4XAh+8aJAFNcdJFeORpoZFRLdZMZzwdOepwfcc+rk3LhDNJZF1Q==",
      "requires": {
        "@babel/runtime": "^7.0.0",
        "gl-matrix": "^3.0.0"
      }
    },
    "mime-db": {
      "version": "1.40.0",
      "resolved": "https://registry.npmjs.org/mime-db/-/mime-db-1.40.0.tgz",
      "integrity": "sha512-jYdeOMPy9vnxEqFRRo6ZvTZ8d9oPb+k18PKoYNYUe2stVEBPPwsln/qWzdbmaIvnhZ9v2P+CuecK+fpUfsV2mA=="
    },
    "mime-types": {
      "version": "2.1.24",
      "resolved": "https://registry.npmjs.org/mime-types/-/mime-types-2.1.24.tgz",
      "integrity": "sha512-WaFHS3MCl5fapm3oLxU4eYDw77IQM2ACcxQ9RIxfaC3ooc6PFuBMGZZsYpvoXS5D5QTWPieo1jjLdAm3TBP3cQ==",
      "requires": {
        "mime-db": "1.40.0"
      }
    },
    "mjolnir.js": {
      "version": "2.1.0",
      "resolved": "https://registry.npmjs.org/mjolnir.js/-/mjolnir.js-2.1.0.tgz",
      "integrity": "sha512-XVvwByhXGvgWJs/mFsekE1cmg3l/KrRIqaJ5oO5DFEyG//NbQssPIuFOjKrZYQ4rFkRZRq+FN4EcecUPSGR89g==",
      "requires": {
        "@babel/runtime": "^7.0.0",
        "hammerjs": "^2.0.8"
      }
    },
    "ndarray": {
      "version": "1.0.18",
      "resolved": "https://registry.npmjs.org/ndarray/-/ndarray-1.0.18.tgz",
      "integrity": "sha1-tg06cyJOxVXQ+qeXEeUCRI/T95M=",
      "requires": {
        "iota-array": "^1.0.0",
        "is-buffer": "^1.0.2"
      }
    },
    "ndarray-ops": {
      "version": "1.2.2",
      "resolved": "https://registry.npmjs.org/ndarray-ops/-/ndarray-ops-1.2.2.tgz",
      "integrity": "sha1-WeiNLDKn7ryxvGkPrhQVeVV6YU4=",
      "requires": {
        "cwise-compiler": "^1.0.0"
      }
    },
    "ndarray-pack": {
      "version": "1.2.1",
      "resolved": "https://registry.npmjs.org/ndarray-pack/-/ndarray-pack-1.2.1.tgz",
      "integrity": "sha1-jK6+qqJNXs9w/4YCBjeXfajuWFo=",
      "requires": {
        "cwise-compiler": "^1.1.2",
        "ndarray": "^1.0.13"
      }
    },
    "node-bitmap": {
      "version": "0.0.1",
      "resolved": "https://registry.npmjs.org/node-bitmap/-/node-bitmap-0.0.1.tgz",
      "integrity": "sha1-GA6scAPgxwdhjvMTaPYvhLKmkJE="
    },
    "oauth-sign": {
      "version": "0.9.0",
      "resolved": "https://registry.npmjs.org/oauth-sign/-/oauth-sign-0.9.0.tgz",
      "integrity": "sha512-fexhUFFPTGV8ybAtSIGbV6gOkSv8UtRbDBnAyLQw4QPKkgNlsH2ByPGtMUqdWkos6YCRmAqViwgZrJc/mRDzZQ=="
    },
    "object-assign": {
      "version": "4.1.1",
      "resolved": "https://registry.npmjs.org/object-assign/-/object-assign-4.1.1.tgz",
      "integrity": "sha1-IQmtx5ZYh8/AXLvUQsrIv7s2CGM="
    },
    "omggif": {
      "version": "1.0.9",
      "resolved": "https://registry.npmjs.org/omggif/-/omggif-1.0.9.tgz",
      "integrity": "sha1-3LcCTazVDFK00wPwSALJHAV8dl8="
    },
    "parse-data-uri": {
      "version": "0.2.0",
      "resolved": "https://registry.npmjs.org/parse-data-uri/-/parse-data-uri-0.2.0.tgz",
      "integrity": "sha1-vwTYUd1ch7CrI45dAazklLYEtMk=",
      "requires": {
        "data-uri-to-buffer": "0.0.3"
      }
    },
    "performance-now": {
      "version": "2.1.0",
      "resolved": "https://registry.npmjs.org/performance-now/-/performance-now-2.1.0.tgz",
      "integrity": "sha1-Ywn04OX6kT7BxpMHrjZLSzd8nns="
    },
    "pngjs": {
      "version": "3.4.0",
      "resolved": "https://registry.npmjs.org/pngjs/-/pngjs-3.4.0.tgz",
      "integrity": "sha512-NCrCHhWmnQklfH4MtJMRjZ2a8c80qXeMlQMv2uVp9ISJMTt562SbGd6n2oq0PaPgKm7Z6pL9E2UlLIhC+SHL3w=="
    },
    "pngjs-nozlib": {
      "version": "1.0.0",
      "resolved": "https://registry.npmjs.org/pngjs-nozlib/-/pngjs-nozlib-1.0.0.tgz",
      "integrity": "sha1-nmTWAs/pzOTZ1Zl9BodCmnPwt9c="
    },
    "probe.gl": {
      "version": "3.0.1",
      "resolved": "https://registry.npmjs.org/probe.gl/-/probe.gl-3.0.1.tgz",
      "integrity": "sha512-Ub7pHdey+boUJ5m46tpA8sl9hwDEZTOgGtvikPd4jRqzBWvulA5tPGXvnM1TB+eJP8JoOxM34Vh6uFbSuSdQIQ==",
      "requires": {
        "@babel/runtime": "^7.0.0"
      }
    },
    "prop-types": {
      "version": "15.7.2",
      "resolved": "https://registry.npmjs.org/prop-types/-/prop-types-15.7.2.tgz",
      "integrity": "sha512-8QQikdH7//R2vurIJSutZ1smHYTcLpRWEOlHnzcWHmBYrOGUysKwSsrC89BCiFj3CbrfJ/nXFdJepOVrY1GCHQ==",
      "requires": {
        "loose-envify": "^1.4.0",
        "object-assign": "^4.1.1",
        "react-is": "^16.8.1"
      }
    },
    "psl": {
      "version": "1.1.31",
      "resolved": "https://registry.npmjs.org/psl/-/psl-1.1.31.tgz",
      "integrity": "sha512-/6pt4+C+T+wZUieKR620OpzN/LlnNKuWjy1iFLQ/UG35JqHlR/89MP1d96dUfkf6Dne3TuLQzOYEYshJ+Hx8mw=="
    },
    "punycode": {
      "version": "2.1.1",
      "resolved": "https://registry.npmjs.org/punycode/-/punycode-2.1.1.tgz",
      "integrity": "sha512-XRsRjdf+j5ml+y/6GKHPZbrF/8p2Yga0JPtdqTIY2Xe5ohJPD9saDJJLPvp9+NSBprVvevdXZybnj2cv8OEd0A=="
    },
    "qs": {
      "version": "6.5.2",
      "resolved": "https://registry.npmjs.org/qs/-/qs-6.5.2.tgz",
      "integrity": "sha512-N5ZAX4/LxJmF+7wN74pUD6qAh9/wnvdQcjq9TZjevvXzSUo7bfmw91saqMjzGS2xq91/odN2dW/WOl7qQHNDGA=="
    },
    "react-is": {
      "version": "16.8.6",
      "resolved": "https://registry.npmjs.org/react-is/-/react-is-16.8.6.tgz",
      "integrity": "sha512-aUk3bHfZ2bRSVFFbbeVS4i+lNPZr3/WM5jT2J5omUVV1zzcs1nAaf3l51ctA5FFvCRbhrH0bdAsRRQddFJZPtA=="
    },
    "readable-stream": {
      "version": "1.0.34",
      "resolved": "https://registry.npmjs.org/readable-stream/-/readable-stream-1.0.34.tgz",
      "integrity": "sha1-Elgg40vIQtLyqq+v5MKRbuMsFXw=",
      "requires": {
        "core-util-is": "~1.0.0",
        "inherits": "~2.0.1",
        "isarray": "0.0.1",
        "string_decoder": "~0.10.x"
      }
    },
    "regenerator-runtime": {
      "version": "0.13.2",
      "resolved": "https://registry.npmjs.org/regenerator-runtime/-/regenerator-runtime-0.13.2.tgz",
      "integrity": "sha512-S/TQAZJO+D3m9xeN1WTI8dLKBBiRgXBlTJvbWjCThHWZj9EvHK70Ff50/tYj2J/fvBY6JtFVwRuazHN2E7M9BA=="
    },
    "request": {
      "version": "2.88.0",
      "resolved": "https://registry.npmjs.org/request/-/request-2.88.0.tgz",
      "integrity": "sha512-NAqBSrijGLZdM0WZNsInLJpkJokL72XYjUpnB0iwsRgxh7dB6COrHnTBNwN0E+lHDAJzu7kLAkDeY08z2/A0hg==",
      "requires": {
        "aws-sign2": "~0.7.0",
        "aws4": "^1.8.0",
        "caseless": "~0.12.0",
        "combined-stream": "~1.0.6",
        "extend": "~3.0.2",
        "forever-agent": "~0.6.1",
        "form-data": "~2.3.2",
        "har-validator": "~5.1.0",
        "http-signature": "~1.2.0",
        "is-typedarray": "~1.0.0",
        "isstream": "~0.1.2",
        "json-stringify-safe": "~5.0.1",
        "mime-types": "~2.1.19",
        "oauth-sign": "~0.9.0",
        "performance-now": "^2.1.0",
        "qs": "~6.5.2",
        "safe-buffer": "^5.1.2",
        "tough-cookie": "~2.4.3",
        "tunnel-agent": "^0.6.0",
        "uuid": "^3.3.2"
      }
    },
    "rw": {
      "version": "1.3.3",
      "resolved": "https://registry.npmjs.org/rw/-/rw-1.3.3.tgz",
      "integrity": "sha1-P4Yt+pGrdmsUiF700BEkv9oHT7Q="
    },
    "s2-geometry": {
      "version": "1.2.10",
      "resolved": "https://registry.npmjs.org/s2-geometry/-/s2-geometry-1.2.10.tgz",
      "integrity": "sha1-xv8i8+zK/Q7qSRtgtEwUG5iHrKs=",
      "requires": {
        "long": "^3.2.0"
      }
    },
    "safe-buffer": {
      "version": "5.1.2",
      "resolved": "https://registry.npmjs.org/safe-buffer/-/safe-buffer-5.1.2.tgz",
      "integrity": "sha512-Gd2UZBJDkXlY7GbJxfsE8/nvKkUEU1G38c1siN6QP6a9PT9MmHB8GnpscSmMJSoF8LOIrt8ud/wPtojys4G6+g=="
    },
    "safer-buffer": {
      "version": "2.1.2",
      "resolved": "https://registry.npmjs.org/safer-buffer/-/safer-buffer-2.1.2.tgz",
      "integrity": "sha512-YZo3K82SD7Riyi0E1EQPojLz7kpepnSQI9IyPbHHg1XXXevb5dJI7tpyN2ADxGcQbHG7vcyRHk0cbwqcQriUtg=="
    },
    "save-pixels": {
      "version": "2.3.4",
      "resolved": "https://registry.npmjs.org/save-pixels/-/save-pixels-2.3.4.tgz",
      "integrity": "sha1-SdNJwGuNfAEn2/DaJLRKylr7Wf4=",
      "requires": {
        "contentstream": "^1.0.0",
        "gif-encoder": "~0.4.1",
        "jpeg-js": "0.0.4",
        "ndarray": "^1.0.18",
        "ndarray-ops": "^1.2.2",
        "pngjs-nozlib": "^1.0.0",
        "through": "^2.3.4"
      },
      "dependencies": {
        "jpeg-js": {
          "version": "0.0.4",
          "resolved": "https://registry.npmjs.org/jpeg-js/-/jpeg-js-0.0.4.tgz",
          "integrity": "sha1-Bqr0fv7HrwsZJKWc1pWm0rXthw4="
        }
      }
    },
    "seer": {
      "version": "0.2.4",
      "resolved": "https://registry.npmjs.org/seer/-/seer-0.2.4.tgz",
      "integrity": "sha512-d+X19YtDXXK3giW0xYO7DTzLfSqsFoq9gFr0j1g3SqyX63uhbQnZ/UZIJ1Xcr24I3e4JLKqg85q8bbpAOkKNGw=="
    },
    "sshpk": {
      "version": "1.16.1",
      "resolved": "https://registry.npmjs.org/sshpk/-/sshpk-1.16.1.tgz",
      "integrity": "sha512-HXXqVUq7+pcKeLqqZj6mHFUMvXtOJt1uoUx09pFW6011inTMxqI8BA8PM95myrIyyKwdnzjdFjLiE6KBPVtJIg==",
      "requires": {
        "asn1": "~0.2.3",
        "assert-plus": "^1.0.0",
        "bcrypt-pbkdf": "^1.0.0",
        "dashdash": "^1.12.0",
        "ecc-jsbn": "~0.1.1",
        "getpass": "^0.1.1",
        "jsbn": "~0.1.0",
        "safer-buffer": "^2.0.2",
        "tweetnacl": "~0.14.0"
      }
    },
    "string_decoder": {
      "version": "0.10.31",
      "resolved": "https://registry.npmjs.org/string_decoder/-/string_decoder-0.10.31.tgz",
      "integrity": "sha1-YuIDvEF2bGwoyfyEMB2rHFMQ+pQ="
    },
    "through": {
      "version": "2.3.8",
      "resolved": "https://registry.npmjs.org/through/-/through-2.3.8.tgz",
      "integrity": "sha1-DdTJ/6q8NXlgsbckEV1+Doai4fU="
    },
    "tough-cookie": {
      "version": "2.4.3",
      "resolved": "https://registry.npmjs.org/tough-cookie/-/tough-cookie-2.4.3.tgz",
      "integrity": "sha512-Q5srk/4vDM54WJsJio3XNn6K2sCG+CQ8G5Wz6bZhRZoAe/+TxjWB/GlFAnYEbkYVlON9FMk/fE3h2RLpPXo4lQ==",
      "requires": {
        "psl": "^1.1.24",
        "punycode": "^1.4.1"
      },
      "dependencies": {
        "punycode": {
          "version": "1.4.1",
          "resolved": "https://registry.npmjs.org/punycode/-/punycode-1.4.1.tgz",
          "integrity": "sha1-wNWmOycYgArY4esPpSachN1BhF4="
        }
      }
    },
    "tunnel-agent": {
      "version": "0.6.0",
      "resolved": "https://registry.npmjs.org/tunnel-agent/-/tunnel-agent-0.6.0.tgz",
      "integrity": "sha1-J6XeoGs2sEoKmWZ3SykIaPD8QP0=",
      "requires": {
        "safe-buffer": "^5.0.1"
      }
    },
    "tweetnacl": {
      "version": "0.14.5",
      "resolved": "https://registry.npmjs.org/tweetnacl/-/tweetnacl-0.14.5.tgz",
      "integrity": "sha1-WuaBd/GS1EViadEIr6k/+HQ/T2Q="
    },
    "uniq": {
      "version": "1.0.1",
      "resolved": "https://registry.npmjs.org/uniq/-/uniq-1.0.1.tgz",
      "integrity": "sha1-sxxa6CVIRKOoKBVBzisEuGWnNP8="
    },
    "uri-js": {
      "version": "4.2.2",
      "resolved": "https://registry.npmjs.org/uri-js/-/uri-js-4.2.2.tgz",
      "integrity": "sha512-KY9Frmirql91X2Qgjry0Wd4Y+YTdrdZheS8TFwvkbLWf/G5KNJDCh6pKL5OZctEW4+0Baa5idK2ZQuELRwPznQ==",
      "requires": {
        "punycode": "^2.1.0"
      }
    },
    "uuid": {
      "version": "3.3.2",
      "resolved": "https://registry.npmjs.org/uuid/-/uuid-3.3.2.tgz",
      "integrity": "sha512-yXJmeNaw3DnnKAOKJE51sL/ZaYfWJRl1pK9dr19YFCu0ObS231AB1/LbqTKRAQ5kw8A90rA6fr4riOUpTZvQZA=="
    },
    "verror": {
      "version": "1.10.0",
      "resolved": "https://registry.npmjs.org/verror/-/verror-1.10.0.tgz",
      "integrity": "sha1-OhBcoXBTr1XW4nDB+CiGguGNpAA=",
      "requires": {
        "assert-plus": "^1.0.0",
        "core-util-is": "1.0.2",
        "extsprintf": "^1.2.0"
      }
    },
    "viewport-mercator-project": {
      "version": "6.1.1",
      "resolved": "https://registry.npmjs.org/viewport-mercator-project/-/viewport-mercator-project-6.1.1.tgz",
      "integrity": "sha512-nI0GEmXnESwZxWSJuaQkdCnvOv6yckUfqqFbNB8KWVbQY3eUExVM4ZziqCVVs5mNznLjDF1auj6HLW5D5DKcng==",
      "requires": {
        "@babel/runtime": "^7.0.0",
        "gl-matrix": "^3.0.0"
      }
    }
  }
}
